// !$*UTF8*$!
{
	archiveVersion = 1;
	classes = {
	};
	objectVersion = 56;
	objects = {

/* Begin PBXBuildFile section */
		C16192CB2C25A36400C480FC /* KWKAboutMeAppApp.swift in Sources */ = {isa = PBXBuildFile; fileRef = C16192CA2C25A36400C480FC /* KWKAboutMeAppApp.swift */; };
		C16192CD2C25A36400C480FC /* ContentView.swift in Sources */ = {isa = PBXBuildFile; fileRef = C16192CC2C25A36400C480FC /* ContentView.swift */; };
		C16192CF2C25A36500C480FC /* Assets.xcassets in Resources */ = {isa = PBXBuildFile; fileRef = C16192CE2C25A36500C480FC /* Assets.xcassets */; };
		C16192D22C25A36500C480FC /* Preview Assets.xcassets in Resources */ = {isa = PBXBuildFile; fileRef = C16192D12C25A36500C480FC /* Preview Assets.xcassets */; };
		C16192DC2C25A36500C480FC /* KWKAboutMeAppTests.swift in Sources */ = {isa = PBXBuildFile; fileRef = C16192DB2C25A36500C480FC /* KWKAboutMeAppTests.swift */; };
		C16192E62C25A36500C480FC /* KWKAboutMeAppUITests.swift in Sources */ = {isa = PBXBuildFile; fileRef = C16192E52C25A36500C480FC /* KWKAboutMeAppUITests.swift */; };
		C16192E82C25A36500C480FC /* KWKAboutMeAppUITestsLaunchTests.swift in Sources */ = {isa = PBXBuildFile; fileRef = C16192E72C25A36500C480FC /* KWKAboutMeAppUITestsLaunchTests.swift */; };
/* End PBXBuildFile section */

/* Begin PBXContainerItemProxy section */
		C16192D82C25A36500C480FC /* PBXContainerItemProxy */ = {
			isa = PBXContainerItemProxy;
			containerPortal = C16192BF2C25A36400C480FC /* Project object */;
			proxyType = 1;
			remoteGlobalIDString = C16192C62C25A36400C480FC;
			remoteInfo = KWKAboutMeApp;
		};
		C16192E22C25A36500C480FC /* PBXContainerItemProxy */ = {
			isa = PBXContainerItemProxy;
			containerPortal = C16192BF2C25A36400C480FC /* Project object */;
			proxyType = 1;
			remoteGlobalIDString = C16192C62C25A36400C480FC;
			remoteInfo = KWKAboutMeApp;
		};
/* End PBXContainerItemProxy section */

/* Begin PBXFileReference section */
		C16192C72C25A36400C480FC /* KWKAboutMeApp.app */ = {isa = PBXFileReference; explicitFileType = wrapper.application; includeInIndex = 0; path = KWKAboutMeApp.app; sourceTree = BUILT_PRODUCTS_DIR; };
		C16192CA2C25A36400C480FC /* KWKAboutMeAppApp.swift */ = {isa = PBXFileReference; lastKnownFileType = sourcecode.swift; path = KWKAboutMeAppApp.swift; sourceTree = "<group>"; };
		C16192CC2C25A36400C480FC /* ContentView.swift */ = {isa = PBXFileReference; lastKnownFileType = sourcecode.swift; path = ContentView.swift; sourceTree = "<group>"; };
		C16192CE2C25A36500C480FC /* Assets.xcassets */ = {isa = PBXFileReference; lastKnownFileType = folder.assetcatalog; path = Assets.xcassets; sourceTree = "<group>"; };
		C16192D12C25A36500C480FC /* Preview Assets.xcassets */ = {isa = PBXFileReference; lastKnownFileType = folder.assetcatalog; path = "Preview Assets.xcassets"; sourceTree = "<group>"; };
		C16192D72C25A36500C480FC /* KWKAboutMeAppTests.xctest */ = {isa = PBXFileReference; explicitFileType = wrapper.cfbundle; includeInIndex = 0; path = KWKAboutMeAppTests.xctest; sourceTree = BUILT_PRODUCTS_DIR; };
		C16192DB2C25A36500C480FC /* KWKAboutMeAppTests.swift */ = {isa = PBXFileReference; lastKnownFileType = sourcecode.swift; path = KWKAboutMeAppTests.swift; sourceTree = "<group>"; };
		C16192E12C25A36500C480FC /* KWKAboutMeAppUITests.xctest */ = {isa = PBXFileReference; explicitFileType = wrapper.cfbundle; includeInIndex = 0; path = KWKAboutMeAppUITests.xctest; sourceTree = BUILT_PRODUCTS_DIR; };
		C16192E52C25A36500C480FC /* KWKAboutMeAppUITests.swift */ = {isa = PBXFileReference; lastKnownFileType = sourcecode.swift; path = KWKAboutMeAppUITests.swift; sourceTree = "<group>"; };
		C16192E72C25A36500C480FC /* KWKAboutMeAppUITestsLaunchTests.swift */ = {isa = PBXFileReference; lastKnownFileType = sourcecode.swift; path = KWKAboutMeAppUITestsLaunchTests.swift; sourceTree = "<group>"; };
/* End PBXFileReference section */

/* Begin PBXFrameworksBuildPhase section */
		C16192C42C25A36400C480FC /* Frameworks */ = {
			isa = PBXFrameworksBuildPhase;
			buildActionMask = 2147483647;
			files = (
			);
			runOnlyForDeploymentPostprocessing = 0;
		};
		C16192D42C25A36500C480FC /* Frameworks */ = {
			isa = PBXFrameworksBuildPhase;
			buildActionMask = 2147483647;
			files = (
			);
			runOnlyForDeploymentPostprocessing = 0;
		};
		C16192DE2C25A36500C480FC /* Frameworks */ = {
			isa = PBXFrameworksBuildPhase;
			buildActionMask = 2147483647;
			files = (
			);
			runOnlyForDeploymentPostprocessing = 0;
		};
/* End PBXFrameworksBuildPhase section */

/* Begin PBXGroup section */
		C16192BE2C25A36400C480FC = {
			isa = PBXGroup;
			children = (
				C16192C92C25A36400C480FC /* KWKAboutMeApp */,
				C16192DA2C25A36500C480FC /* KWKAboutMeAppTests */,
				C16192E42C25A36500C480FC /* KWKAboutMeAppUITests */,
				C16192C82C25A36400C480FC /* Products */,
			);
			sourceTree = "<group>";
		};
		C16192C82C25A36400C480FC /* Products */ = {
			isa = PBXGroup;
			children = (
				C16192C72C25A36400C480FC /* KWKAboutMeApp.app */,
				C16192D72C25A36500C480FC /* KWKAboutMeAppTests.xctest */,
				C16192E12C25A36500C480FC /* KWKAboutMeAppUITests.xctest */,
			);
			name = Products;
			sourceTree = "<group>";
		};
		C16192C92C25A36400C480FC /* KWKAboutMeApp */ = {
			isa = PBXGroup;
			children = (
				C16192CA2C25A36400C480FC /* KWKAboutMeAppApp.swift */,
				C16192CC2C25A36400C480FC /* ContentView.swift */,
				C16192CE2C25A36500C480FC /* Assets.xcassets */,
				C16192D02C25A36500C480FC /* Preview Content */,
			);
			path = KWKAboutMeApp;
			sourceTree = "<group>";
		};
		C16192D02C25A36500C480FC /* Preview Content */ = {
			isa = PBXGroup;
			children = (
				C16192D12C25A36500C480FC /* Preview Assets.xcassets */,
			);
			path = "Preview Content";
			sourceTree = "<group>";
		};
		C16192DA2C25A36500C480FC /* KWKAboutMeAppTests */ = {
			isa = PBXGroup;
			children = (
				C16192DB2C25A36500C480FC /* KWKAboutMeAppTests.swift */,
			);
			path = KWKAboutMeAppTests;
			sourceTree = "<group>";
		};
		C16192E42C25A36500C480FC /* KWKAboutMeAppUITests */ = {
			isa = PBXGroup;
			children = (
				C16192E52C25A36500C480FC /* KWKAboutMeAppUITests.swift */,
				C16192E72C25A36500C480FC /* KWKAboutMeAppUITestsLaunchTests.swift */,
			);
			path = KWKAboutMeAppUITests;
			sourceTree = "<group>";
		};
/* End PBXGroup section */

/* Begin PBXNativeTarget section */
		C16192C62C25A36400C480FC /* KWKAboutMeApp */ = {
			isa = PBXNativeTarget;
			buildConfigurationList = C16192EB2C25A36500C480FC /* Build configuration list for PBXNativeTarget "KWKAboutMeApp" */;
			buildPhases = (
				C16192C32C25A36400C480FC /* Sources */,
				C16192C42C25A36400C480FC /* Frameworks */,
				C16192C52C25A36400C480FC /* Resources */,
			);
			buildRules = (
			);
			dependencies = (
			);
			name = KWKAboutMeApp;
			productName = KWKAboutMeApp;
			productReference = C16192C72C25A36400C480FC /* KWKAboutMeApp.app */;
			productType = "com.apple.product-type.application";
		};
		C16192D62C25A36500C480FC /* KWKAboutMeAppTests */ = {
			isa = PBXNativeTarget;
			buildConfigurationList = C16192EE2C25A36500C480FC /* Build configuration list for PBXNativeTarget "KWKAboutMeAppTests" */;
			buildPhases = (
				C16192D32C25A36500C480FC /* Sources */,
				C16192D42C25A36500C480FC /* Frameworks */,
				C16192D52C25A36500C480FC /* Resources */,
			);
			buildRules = (
			);
			dependencies = (
				C16192D92C25A36500C480FC /* PBXTargetDependency */,
			);
			name = KWKAboutMeAppTests;
			productName = KWKAboutMeAppTests;
			productReference = C16192D72C25A36500C480FC /* KWKAboutMeAppTests.xctest */;
			productType = "com.apple.product-type.bundle.unit-test";
		};
		C16192E02C25A36500C480FC /* KWKAboutMeAppUITests */ = {
			isa = PBXNativeTarget;
			buildConfigurationList = C16192F12C25A36500C480FC /* Build configuration list for PBXNativeTarget "KWKAboutMeAppUITests" */;
			buildPhases = (
				C16192DD2C25A36500C480FC /* Sources */,
				C16192DE2C25A36500C480FC /* Frameworks */,
				C16192DF2C25A36500C480FC /* Resources */,
			);
			buildRules = (
			);
			dependencies = (
				C16192E32C25A36500C480FC /* PBXTargetDependency */,
			);
			name = KWKAboutMeAppUITests;
			productName = KWKAboutMeAppUITests;
			productReference = C16192E12C25A36500C480FC /* KWKAboutMeAppUITests.xctest */;
			productType = "com.apple.product-type.bundle.ui-testing";
		};
/* End PBXNativeTarget section */

/* Begin PBXProject section */
		C16192BF2C25A36400C480FC /* Project object */ = {
			isa = PBXProject;
			attributes = {
				BuildIndependentTargetsInParallel = 1;
				LastSwiftUpdateCheck = 1540;
				LastUpgradeCheck = 1540;
				TargetAttributes = {
					C16192C62C25A36400C480FC = {
						CreatedOnToolsVersion = 15.4;
					};
					C16192D62C25A36500C480FC = {
						CreatedOnToolsVersion = 15.4;
						TestTargetID = C16192C62C25A36400C480FC;
					};
					C16192E02C25A36500C480FC = {
						CreatedOnToolsVersion = 15.4;
						TestTargetID = C16192C62C25A36400C480FC;
					};
				};
			};
			buildConfigurationList = C16192C22C25A36400C480FC /* Build configuration list for PBXProject "KWKAboutMeApp" */;
			compatibilityVersion = "Xcode 14.0";
			developmentRegion = en;
			hasScannedForEncodings = 0;
			knownRegions = (
				en,
				Base,
			);
			mainGroup = C16192BE2C25A36400C480FC;
			productRefGroup = C16192C82C25A36400C480FC /* Products */;
			projectDirPath = "";
			projectRoot = "";
			targets = (
				C16192C62C25A36400C480FC /* KWKAboutMeApp */,
				C16192D62C25A36500C480FC /* KWKAboutMeAppTests */,
				C16192E02C25A36500C480FC /* KWKAboutMeAppUITests */,
			);
		};
/* End PBXProject section */

/* Begin PBXResourcesBuildPhase section */
		C16192C52C25A36400C480FC /* Resources */ = {
			isa = PBXResourcesBuildPhase;
			buildActionMask = 2147483647;
			files = (
				C16192D22C25A36500C480FC /* Preview Assets.xcassets in Resources */,
				C16192CF2C25A36500C480FC /* Assets.xcassets in Resources */,
			);
			runOnlyForDeploymentPostprocessing = 0;
		};
		C16192D52C25A36500C480FC /* Resources */ = {
			isa = PBXResourcesBuildPhase;
			buildActionMask = 2147483647;
			files = (
			);
			runOnlyForDeploymentPostprocessing = 0;
		};
		C16192DF2C25A36500C480FC /* Resources */ = {
			isa = PBXResourcesBuildPhase;
			buildActionMask = 2147483647;
			files = (
			);
			runOnlyForDeploymentPostprocessing = 0;
		};
/* End PBXResourcesBuildPhase section */

/* Begin PBXSourcesBuildPhase section */
		C16192C32C25A36400C480FC /* Sources */ = {
			isa = PBXSourcesBuildPhase;
			buildActionMask = 2147483647;
			files = (
				C16192CD2C25A36400C480FC /* ContentView.swift in Sources */,
				C16192CB2C25A36400C480FC /* KWKAboutMeAppApp.swift in Sources */,
			);
			runOnlyForDeploymentPostprocessing = 0;
		};
		C16192D32C25A36500C480FC /* Sources */ = {
			isa = PBXSourcesBuildPhase;
			buildActionMask = 2147483647;
			files = (
				C16192DC2C25A36500C480FC /* KWKAboutMeAppTests.swift in Sources */,
			);
			runOnlyForDeploymentPostprocessing = 0;
		};
		C16192DD2C25A36500C480FC /* Sources */ = {
			isa = PBXSourcesBuildPhase;
			buildActionMask = 2147483647;
			files = (
				C16192E82C25A36500C480FC /* KWKAboutMeAppUITestsLaunchTests.swift in Sources */,
				C16192E62C25A36500C480FC /* KWKAboutMeAppUITests.swift in Sources */,
			);
			runOnlyForDeploymentPostprocessing = 0;
		};
/* End PBXSourcesBuildPhase section */

/* Begin PBXTargetDependency section */
		C16192D92C25A36500C480FC /* PBXTargetDependency */ = {
			isa = PBXTargetDependency;
			target = C16192C62C25A36400C480FC /* KWKAboutMeApp */;
			targetProxy = C16192D82C25A36500C480FC /* PBXContainerItemProxy */;
		};
		C16192E32C25A36500C480FC /* PBXTargetDependency */ = {
			isa = PBXTargetDependency;
			target = C16192C62C25A36400C480FC /* KWKAboutMeApp */;
			targetProxy = C16192E22C25A36500C480FC /* PBXContainerItemProxy */;
		};
/* End PBXTargetDependency section */

/* Begin XCBuildConfiguration section */
		C16192E92C25A36500C480FC /* Debug */ = {
			isa = XCBuildConfiguration;
			buildSettings = {
				ALWAYS_SEARCH_USER_PATHS = NO;
				ASSETCATALOG_COMPILER_GENERATE_SWIFT_ASSET_SYMBOL_EXTENSIONS = YES;
				CLANG_ANALYZER_NONNULL = YES;
				CLANG_ANALYZER_NUMBER_OBJECT_CONVERSION = YES_AGGRESSIVE;
				CLANG_CXX_LANGUAGE_STANDARD = "gnu++20";
				CLANG_ENABLE_MODULES = YES;
				CLANG_ENABLE_OBJC_ARC = YES;
				CLANG_ENABLE_OBJC_WEAK = YES;
				CLANG_WARN_BLOCK_CAPTURE_AUTORELEASING = YES;
				CLANG_WARN_BOOL_CONVERSION = YES;
				CLANG_WARN_COMMA = YES;
				CLANG_WARN_CONSTANT_CONVERSION = YES;
				CLANG_WARN_DEPRECATED_OBJC_IMPLEMENTATIONS = YES;
				CLANG_WARN_DIRECT_OBJC_ISA_USAGE = YES_ERROR;
				CLANG_WARN_DOCUMENTATION_COMMENTS = YES;
				CLANG_WARN_EMPTY_BODY = YES;
				CLANG_WARN_ENUM_CONVERSION = YES;
				CLANG_WARN_INFINITE_RECURSION = YES;
				CLANG_WARN_INT_CONVERSION = YES;
				CLANG_WARN_NON_LITERAL_NULL_CONVERSION = YES;
				CLANG_WARN_OBJC_IMPLICIT_RETAIN_SELF = YES;
				CLANG_WARN_OBJC_LITERAL_CONVERSION = YES;
				CLANG_WARN_OBJC_ROOT_CLASS = YES_ERROR;
				CLANG_WARN_QUOTED_INCLUDE_IN_FRAMEWORK_HEADER = YES;
				CLANG_WARN_RANGE_LOOP_ANALYSIS = YES;
				CLANG_WARN_STRICT_PROTOTYPES = YES;
				CLANG_WARN_SUSPICIOUS_MOVE = YES;
				CLANG_WARN_UNGUARDED_AVAILABILITY = YES_AGGRESSIVE;
				CLANG_WARN_UNREACHABLE_CODE = YES;
				CLANG_WARN__DUPLICATE_METHOD_MATCH = YES;
				COPY_PHASE_STRIP = NO;
				DEBUG_INFORMATION_FORMAT = dwarf;
				ENABLE_STRICT_OBJC_MSGSEND = YES;
				ENABLE_TESTABILITY = YES;
				ENABLE_USER_SCRIPT_SANDBOXING = YES;
				GCC_C_LANGUAGE_STANDARD = gnu17;
				GCC_DYNAMIC_NO_PIC = NO;
				GCC_NO_COMMON_BLOCKS = YES;
				GCC_OPTIMIZATION_LEVEL = 0;
				GCC_PREPROCESSOR_DEFINITIONS = (
					"DEBUG=1",
					"$(inherited)",
				);
				GCC_WARN_64_TO_32_BIT_CONVERSION = YES;
				GCC_WARN_ABOUT_RETURN_TYPE = YES_ERROR;
				GCC_WARN_UNDECLARED_SELECTOR = YES;
				GCC_WARN_UNINITIALIZED_AUTOS = YES_AGGRESSIVE;
				GCC_WARN_UNUSED_FUNCTION = YES;
				GCC_WARN_UNUSED_VARIABLE = YES;
				IPHONEOS_DEPLOYMENT_TARGET = 17.5;
				LOCALIZATION_PREFERS_STRING_CATALOGS = YES;
				MTL_ENABLE_DEBUG_INFO = INCLUDE_SOURCE;
				MTL_FAST_MATH = YES;
				ONLY_ACTIVE_ARCH = YES;
				SDKROOT = iphoneos;
				SWIFT_ACTIVE_COMPILATION_CONDITIONS = "DEBUG $(inherited)";
				SWIFT_OPTIMIZATION_LEVEL = "-Onone";
			};
			name = Debug;
		};
		C16192EA2C25A36500C480FC /* Release */ = {
			isa = XCBuildConfiguration;
			buildSettings = {
				ALWAYS_SEARCH_USER_PATHS = NO;
				ASSETCATALOG_COMPILER_GENERATE_SWIFT_ASSET_SYMBOL_EXTENSIONS = YES;
				CLANG_ANALYZER_NONNULL = YES;
				CLANG_ANALYZER_NUMBER_OBJECT_CONVERSION = YES_AGGRESSIVE;
				CLANG_CXX_LANGUAGE_STANDARD = "gnu++20";
				CLANG_ENABLE_MODULES = YES;
				CLANG_ENABLE_OBJC_ARC = YES;
				CLANG_ENABLE_OBJC_WEAK = YES;
				CLANG_WARN_BLOCK_CAPTURE_AUTORELEASING = YES;
				CLANG_WARN_BOOL_CONVERSION = YES;
				CLANG_WARN_COMMA = YES;
				CLANG_WARN_CONSTANT_CONVERSION = YES;
				CLANG_WARN_DEPRECATED_OBJC_IMPLEMENTATIONS = YES;
				CLANG_WARN_DIRECT_OBJC_ISA_USAGE = YES_ERROR;
				CLANG_WARN_DOCUMENTATION_COMMENTS = YES;
				CLANG_WARN_EMPTY_BODY = YES;
				CLANG_WARN_ENUM_CONVERSION = YES;
				CLANG_WARN_INFINITE_RECURSION = YES;
				CLANG_WARN_INT_CONVERSION = YES;
				CLANG_WARN_NON_LITERAL_NULL_CONVERSION = YES;
				CLANG_WARN_OBJC_IMPLICIT_RETAIN_SELF = YES;
				CLANG_WARN_OBJC_LITERAL_CONVERSION = YES;
				CLANG_WARN_OBJC_ROOT_CLASS = YES_ERROR;
				CLANG_WARN_QUOTED_INCLUDE_IN_FRAMEWORK_HEADER = YES;
				CLANG_WARN_RANGE_LOOP_ANALYSIS = YES;
				CLANG_WARN_STRICT_PROTOTYPES = YES;
				CLANG_WARN_SUSPICIOUS_MOVE = YES;
				CLANG_WARN_UNGUARDED_AVAILABILITY = YES_AGGRESSIVE;
				CLANG_WARN_UNREACHABLE_CODE = YES;
				CLANG_WARN__DUPLICATE_METHOD_MATCH = YES;
				COPY_PHASE_STRIP = NO;
				DEBUG_INFORMATION_FORMAT = "dwarf-with-dsym";
				ENABLE_NS_ASSERTIONS = NO;
				ENABLE_STRICT_OBJC_MSGSEND = YES;
				ENABLE_USER_SCRIPT_SANDBOXING = YES;
				GCC_C_LANGUAGE_STANDARD = gnu17;
				GCC_NO_COMMON_BLOCKS = YES;
				GCC_WARN_64_TO_32_BIT_CONVERSION = YES;
				GCC_WARN_ABOUT_RETURN_TYPE = YES_ERROR;
				GCC_WARN_UNDECLARED_SELECTOR = YES;
				GCC_WARN_UNINITIALIZED_AUTOS = YES_AGGRESSIVE;
				GCC_WARN_UNUSED_FUNCTION = YES;
				GCC_WARN_UNUSED_VARIABLE = YES;
				IPHONEOS_DEPLOYMENT_TARGET = 17.5;
				LOCALIZATION_PREFERS_STRING_CATALOGS = YES;
				MTL_ENABLE_DEBUG_INFO = NO;
				MTL_FAST_MATH = YES;
				SDKROOT = iphoneos;
				SWIFT_COMPILATION_MODE = wholemodule;
				VALIDATE_PRODUCT = YES;
			};
			name = Release;
		};
		C16192EC2C25A36500C480FC /* Debug */ = {
			isa = XCBuildConfiguration;
			buildSettings = {
				ASSETCATALOG_COMPILER_APPICON_NAME = AppIcon;
				ASSETCATALOG_COMPILER_GLOBAL_ACCENT_COLOR_NAME = AccentColor;
				CODE_SIGN_STYLE = Automatic;
				CURRENT_PROJECT_VERSION = 1;
				DEVELOPMENT_ASSET_PATHS = "\"KWKAboutMeApp/Preview Content\"";
				ENABLE_PREVIEWS = YES;
				GENERATE_INFOPLIST_FILE = YES;
				INFOPLIST_KEY_UIApplicationSceneManifest_Generation = YES;
				INFOPLIST_KEY_UIApplicationSupportsIndirectInputEvents = YES;
				INFOPLIST_KEY_UILaunchScreen_Generation = YES;
				INFOPLIST_KEY_UISupportedInterfaceOrientations_iPad = "UIInterfaceOrientationPortrait UIInterfaceOrientationPortraitUpsideDown UIInterfaceOrientationLandscapeLeft UIInterfaceOrientationLandscapeRight";
				INFOPLIST_KEY_UISupportedInterfaceOrientations_iPhone = "UIInterfaceOrientationPortrait UIInterfaceOrientationLandscapeLeft UIInterfaceOrientationLandscapeRight";
				LD_RUNPATH_SEARCH_PATHS = (
					"$(inherited)",
					"@executable_path/Frameworks",
				);
				MARKETING_VERSION = 1.0;
				PRODUCT_BUNDLE_IDENTIFIER = KWK.KWKAboutMeApp;
				PRODUCT_NAME = "$(TARGET_NAME)";
				SWIFT_EMIT_LOC_STRINGS = YES;
				SWIFT_VERSION = 5.0;
				TARGETED_DEVICE_FAMILY = "1,2";
			};
			name = Debug;
		};
		C16192ED2C25A36500C480FC /* Release */ = {
			isa = XCBuildConfiguration;
			buildSettings = {
				ASSETCATALOG_COMPILER_APPICON_NAME = AppIcon;
				ASSETCATALOG_COMPILER_GLOBAL_ACCENT_COLOR_NAME = AccentColor;
				CODE_SIGN_STYLE = Automatic;
				CURRENT_PROJECT_VERSION = 1;
				DEVELOPMENT_ASSET_PATHS = "\"KWKAboutMeApp/Preview Content\"";
				ENABLE_PREVIEWS = YES;
				GENERATE_INFOPLIST_FILE = YES;
				INFOPLIST_KEY_UIApplicationSceneManifest_Generation = YES;
				INFOPLIST_KEY_UIApplicationSupportsIndirectInputEvents = YES;
				INFOPLIST_KEY_UILaunchScreen_Generation = YES;
				INFOPLIST_KEY_UISupportedInterfaceOrientations_iPad = "UIInterfaceOrientationPortrait UIInterfaceOrientationPortraitUpsideDown UIInterfaceOrientationLandscapeLeft UIInterfaceOrientationLandscapeRight";
				INFOPLIST_KEY_UISupportedInterfaceOrientations_iPhone = "UIInterfaceOrientationPortrait UIInterfaceOrientationLandscapeLeft UIInterfaceOrientationLandscapeRight";
				LD_RUNPATH_SEARCH_PATHS = (
					"$(inherited)",
					"@executable_path/Frameworks",
				);
				MARKETING_VERSION = 1.0;
				PRODUCT_BUNDLE_IDENTIFIER = KWK.KWKAboutMeApp;
				PRODUCT_NAME = "$(TARGET_NAME)";
				SWIFT_EMIT_LOC_STRINGS = YES;
				SWIFT_VERSION = 5.0;
				TARGETED_DEVICE_FAMILY = "1,2";
			};
			name = Release;
		};
		C16192EF2C25A36500C480FC /* Debug */ = {
			isa = XCBuildConfiguration;
			buildSettings = {
				ALWAYS_EMBED_SWIFT_STANDARD_LIBRARIES = YES;
				BUNDLE_LOADER = "$(TEST_HOST)";
				CODE_SIGN_STYLE = Automatic;
				CURRENT_PROJECT_VERSION = 1;
				GENERATE_INFOPLIST_FILE = YES;
				IPHONEOS_DEPLOYMENT_TARGET = 17.5;
				MARKETING_VERSION = 1.0;
				PRODUCT_BUNDLE_IDENTIFIER = KWK.KWKAboutMeAppTests;
				PRODUCT_NAME = "$(TARGET_NAME)";
				SWIFT_EMIT_LOC_STRINGS = NO;
				SWIFT_VERSION = 5.0;
				TARGETED_DEVICE_FAMILY = "1,2";
				TEST_HOST = "$(BUILT_PRODUCTS_DIR)/KWKAboutMeApp.app/$(BUNDLE_EXECUTABLE_FOLDER_PATH)/KWKAboutMeApp";
			};
			name = Debug;
		};
		C16192F02C25A36500C480FC /* Release */ = {
			isa = XCBuildConfiguration;
			buildSettings = {
				ALWAYS_EMBED_SWIFT_STANDARD_LIBRARIES = YES;
				BUNDLE_LOADER = "$(TEST_HOST)";
				CODE_SIGN_STYLE = Automatic;
				CURRENT_PROJECT_VERSION = 1;
				GENERATE_INFOPLIST_FILE = YES;
				IPHONEOS_DEPLOYMENT_TARGET = 17.5;
				MARKETING_VERSION = 1.0;
				PRODUCT_BUNDLE_IDENTIFIER = KWK.KWKAboutMeAppTests;
				PRODUCT_NAME = "$(TARGET_NAME)";
				SWIFT_EMIT_LOC_STRINGS = NO;
				SWIFT_VERSION = 5.0;
				TARGETED_DEVICE_FAMILY = "1,2";
				TEST_HOST = "$(BUILT_PRODUCTS_DIR)/KWKAboutMeApp.app/$(BUNDLE_EXECUTABLE_FOLDER_PATH)/KWKAboutMeApp";
			};
			name = Release;
		};
		C16192F22C25A36500C480FC /* Debug */ = {
			isa = XCBuildConfiguration;
			buildSettings = {
				ALWAYS_EMBED_SWIFT_STANDARD_LIBRARIES = YES;
				CODE_SIGN_STYLE = Automatic;
				CURRENT_PROJECT_VERSION = 1;
				GENERATE_INFOPLIST_FILE = YES;
				MARKETING_VERSION = 1.0;
				PRODUCT_BUNDLE_IDENTIFIER = KWK.KWKAboutMeAppUITests;
				PRODUCT_NAME = "$(TARGET_NAME)";
				SWIFT_EMIT_LOC_STRINGS = NO;
				SWIFT_VERSION = 5.0;
				TARGETED_DEVICE_FAMILY = "1,2";
				TEST_TARGET_NAME = KWKAboutMeApp;
			};
			name = Debug;
		};
		C16192F32C25A36500C480FC /* Release */ = {
			isa = XCBuildConfiguration;
			buildSettings = {
				ALWAYS_EMBED_SWIFT_STANDARD_LIBRARIES = YES;
				CODE_SIGN_STYLE = Automatic;
				CURRENT_PROJECT_VERSION = 1;
				GENERATE_INFOPLIST_FILE = YES;
				MARKETING_VERSION = 1.0;
				PRODUCT_BUNDLE_IDENTIFIER = KWK.KWKAboutMeAppUITests;
				PRODUCT_NAME = "$(TARGET_NAME)";
				SWIFT_EMIT_LOC_STRINGS = NO;
				SWIFT_VERSION = 5.0;
				TARGETED_DEVICE_FAMILY = "1,2";
				TEST_TARGET_NAME = KWKAboutMeApp;
			};
			name = Release;
		};
/* End XCBuildConfiguration section */

/* Begin XCConfigurationList section */
		C16192C22C25A36400C480FC /* Build configuration list for PBXProject "KWKAboutMeApp" */ = {
			isa = XCConfigurationList;
			buildConfigurations = (
				C16192E92C25A36500C480FC /* Debug */,
				C16192EA2C25A36500C480FC /* Release */,
			);
			defaultConfigurationIsVisible = 0;
			defaultConfigurationName = Release;
		};
		C16192EB2C25A36500C480FC /* Build configuration list for PBXNativeTarget "KWKAboutMeApp" */ = {
			isa = XCConfigurationList;
			buildConfigurations = (
				C16192EC2C25A36500C480FC /* Debug */,
				C16192ED2C25A36500C480FC /* Release */,
			);
			defaultConfigurationIsVisible = 0;
			defaultConfigurationName = Release;
		};
		C16192EE2C25A36500C480FC /* Build configuration list for PBXNativeTarget "KWKAboutMeAppTests" */ = {
			isa = XCConfigurationList;
			buildConfigurations = (
				C16192EF2C25A36500C480FC /* Debug */,
				C16192F02C25A36500C480FC /* Release */,
			);
			defaultConfigurationIsVisible = 0;
			defaultConfigurationName = Release;
		};
		C16192F12C25A36500C480FC /* Build configuration list for PBXNativeTarget "KWKAboutMeAppUITests" */ = {
			isa = XCConfigurationList;
			buildConfigurations = (
				C16192F22C25A36500C480FC /* Debug */,
				C16192F32C25A36500C480FC /* Release */,
			);
			defaultConfigurationIsVisible = 0;
			defaultConfigurationName = Release;
		};
/* End XCConfigurationList section */
	};
	rootObject = C16192BF2C25A36400C480FC /* Project object */;
}
